
Microsoft Visual Studio Solution File, Format Version 12.00
# Visual Studio Version 17
VisualStudioVersion = 17.3.32922.545
MinimumVisualStudioVersion = 10.0.40219.1
Project("{9A19103F-16F7-4668-BE54-9A1E7A4F7556}") = "VacunacionApi", "VacunacionApi.csproj", "{BF566E12-AAA5-476A-92B8-154387D5E53D}"
EndProject
Project("{FAE04EC0-301F-11D3-BF4B-00C04F79EFBC}") = "VacunacionApiTest", "..\VacunacionApiTest\VacunacionApiTest.csproj", "{691A24E5-1349-4383-8A93-FA7FA1DB7F65}"
EndProject
Global
	GlobalSection(SolutionConfigurationPlatforms) = preSolution
		Debug|Any CPU = Debug|Any CPU
		Release|Any CPU = Release|Any CPU
	EndGlobalSection
	GlobalSection(ProjectConfigurationPlatforms) = postSolution
		{BF566E12-AAA5-476A-92B8-154387D5E53D}.Debug|Any CPU.ActiveCfg = Debug|Any CPU
		{BF566E12-AAA5-476A-92B8-154387D5E53D}.Debug|Any CPU.Build.0 = Debug|Any CPU
		{BF566E12-AAA5-476A-92B8-154387D5E53D}.Release|Any CPU.ActiveCfg = Release|Any CPU
		{BF566E12-AAA5-476A-92B8-154387D5E53D}.Release|Any CPU.Build.0 = Release|Any CPU
		{691A24E5-1349-4383-8A93-FA7FA1DB7F65}.Debug|Any CPU.ActiveCfg = Debug|Any CPU
		{691A24E5-1349-4383-8A93-FA7FA1DB7F65}.Debug|Any CPU.Build.0 = Debug|Any CPU
		{691A24E5-1349-4383-8A93-FA7FA1DB7F65}.Release|Any CPU.ActiveCfg = Release|Any CPU
		{691A24E5-1349-4383-8A93-FA7FA1DB7F65}.Release|Any CPU.Build.0 = Release|Any CPU
	EndGlobalSection
	GlobalSection(SolutionProperties) = preSolution
		HideSolutionNode = FALSE
	EndGlobalSection
	GlobalSection(ExtensibilityGlobals) = postSolution
		SolutionGuid = {8373D9B7-0B8C-4E79-A6FA-889524322880}
	EndGlobalSection
EndGlobal
